
Microsoft Visual Studio Solution File, Format Version 12.00
# Visual Studio Version 17
VisualStudioVersion = 17.14.36105.17 d17.14
MinimumVisualStudioVersion = 10.0.40219.1
Project("{FAE04EC0-301F-11D3-BF4B-00C04F79EFBC}") = "EventsProject", "EventsProject\EventsProject.csproj", "{3878CC23-06C9-4104-B9B3-76BB910A68B3}"
EndProject
Global
	GlobalSection(SolutionConfigurationPlatforms) = preSolution
		Debug|Any CPU = Debug|Any CPU
		Release|Any CPU = Release|Any CPU
	EndGlobalSection
	GlobalSection(ProjectConfigurationPlatforms) = postSolution
		{3878CC23-06C9-4104-B9B3-76BB910A68B3}.Debug|Any CPU.ActiveCfg = Debug|Any CPU
		{3878CC23-06C9-4104-B9B3-76BB910A68B3}.Debug|Any CPU.Build.0 = Debug|Any CPU
		{3878CC23-06C9-4104-B9B3-76BB910A68B3}.Release|Any CPU.ActiveCfg = Release|Any CPU
		{3878CC23-06C9-4104-B9B3-76BB910A68B3}.Release|Any CPU.Build.0 = Release|Any CPU
	EndGlobalSection
	GlobalSection(SolutionProperties) = preSolution
		HideSolutionNode = FALSE
	EndGlobalSection
	GlobalSection(ExtensibilityGlobals) = postSolution
		SolutionGuid = {0C3A1C7A-3A1E-465B-A965-479F055901BD}
	EndGlobalSection
EndGlobal
